
Microsoft Visual Studio Solution File, Format Version 12.00
# Visual Studio Version 16
VisualStudioVersion = 16.0.30804.86
MinimumVisualStudioVersion = 10.0.40219.1
Project("{FAE04EC0-301F-11D3-BF4B-00C04F79EFBC}") = "ConsoleAppjenkinsGithub", "ConsoleAppjenkinsGithub.csproj", "{D9018195-CF03-4B84-96CD-F3AB04135C93}"
EndProject
Global
	GlobalSection(SolutionConfigurationPlatforms) = preSolution
		Debug|Any CPU = Debug|Any CPU
		Release|Any CPU = Release|Any CPU
	EndGlobalSection
	GlobalSection(ProjectConfigurationPlatforms) = postSolution
		{D9018195-CF03-4B84-96CD-F3AB04135C93}.Debug|Any CPU.ActiveCfg = Debug|Any CPU
		{D9018195-CF03-4B84-96CD-F3AB04135C93}.Debug|Any CPU.Build.0 = Debug|Any CPU
		{D9018195-CF03-4B84-96CD-F3AB04135C93}.Release|Any CPU.ActiveCfg = Release|Any CPU
		{D9018195-CF03-4B84-96CD-F3AB04135C93}.Release|Any CPU.Build.0 = Release|Any CPU
	EndGlobalSection
	GlobalSection(SolutionProperties) = preSolution
		HideSolutionNode = FALSE
	EndGlobalSection
	GlobalSection(ExtensibilityGlobals) = postSolution
		SolutionGuid = {D9098B02-EECD-4E0F-9C4D-A5416474B148}
	EndGlobalSection
EndGlobal
